
Microsoft Visual Studio Solution File, Format Version 12.00
# Visual Studio Version 16
VisualStudioVersion = 16.0.30204.135
MinimumVisualStudioVersion = 10.0.40219.1
Project("{9A19103F-16F7-4668-BE54-9A1E7A4F7556}") = "MyMicroService.Infrastruct.Repository", "MyMicroService.Infrastruct.Repository\MyMicroService.Infrastruct.Repository.csproj", "{DD3182EA-4856-40EF-825C-90CAAA48160B}"
EndProject
Project("{9A19103F-16F7-4668-BE54-9A1E7A4F7556}") = "MyMicroService.Infrastruct.IRepository", "MyMicroService.Infrastruct.IRepository\MyMicroService.Infrastruct.IRepository.csproj", "{EC74B87E-BEE7-43BE-83CD-92920C47D603}"
EndProject
Project("{2150E333-8FDC-42A3-9474-1A3956D46DE8}") = "Infrastruct", "Infrastruct", "{90D1206D-01C9-4039-8339-10C5D0873AB0}"
EndProject
Project("{2150E333-8FDC-42A3-9474-1A3956D46DE8}") = "Repository", "Repository", "{E42278FC-F2D9-4CA8-B6DB-885E686DA052}"
EndProject
Project("{2150E333-8FDC-42A3-9474-1A3956D46DE8}") = "Service", "Service", "{F604EC74-A56E-4772-A795-0A92DACDCF87}"
EndProject
Project("{2150E333-8FDC-42A3-9474-1A3956D46DE8}") = "Swagger", "Swagger", "{CF341F4C-838C-4A68-A2EA-6E7321C3B236}"
EndProject
Project("{9A19103F-16F7-4668-BE54-9A1E7A4F7556}") = "MyMicroService.Infrastruct.Swagger", "MyMicroService.Infrastruct.Swagger\MyMicroService.Infrastruct.Swagger.csproj", "{CBC348F4-E295-4D17-BAB3-67693F10E4F0}"
EndProject
Project("{9A19103F-16F7-4668-BE54-9A1E7A4F7556}") = "MyMicroService.Infrastruct", "MyMicroService.Infrastruct\MyMicroService.Infrastruct.csproj", "{8A72A89B-7D6F-4187-BE77-2BE3FB2DBBB6}"
EndProject
Project("{9A19103F-16F7-4668-BE54-9A1E7A4F7556}") = "MyMicroService.Service.TimingSchedulingService", "MyMicroService.Service.TimingSchedulingService\MyMicroService.Service.TimingSchedulingService.csproj", "{F6D465CA-BC1E-47B1-AFFE-1E00E0BD0878}"
EndProject
Project("{2150E333-8FDC-42A3-9474-1A3956D46DE8}") = "Log", "Log", "{A4A05B89-0530-4AD4-85BF-FB07A8519F62}"
EndProject
Project("{2150E333-8FDC-42A3-9474-1A3956D46DE8}") = "HttpWeb", "HttpWeb", "{109D9729-0506-4B2E-871D-6C1DD8765737}"
EndProject
Project("{9A19103F-16F7-4668-BE54-9A1E7A4F7556}") = "MyMicroService.Infrastruct.HttpWeb", "MyMicroService.Infrastruct.HttpWeb\MyMicroService.Infrastruct.HttpWeb.csproj", "{6C2F3AB3-183B-4F6E-8CF0-53644E17601E}"
EndProject
Project("{2150E333-8FDC-42A3-9474-1A3956D46DE8}") = "Json", "Json", "{D4C6965B-A50A-4F96-B956-E13CC25343A4}"
EndProject
Project("{2150E333-8FDC-42A3-9474-1A3956D46DE8}") = "String", "String", "{B844800F-FCBF-466A-B0BA-178D5B9D7400}"
EndProject
Project("{9A19103F-16F7-4668-BE54-9A1E7A4F7556}") = "MyMicroService.Infrastruct.RegularExpression", "MyMicroService.Infrastruct.RegularExpression\MyMicroService.Infrastruct.RegularExpression.csproj", "{35A9BF40-A713-46BF-9EEC-80AB836F29AF}"
EndProject
Project("{9A19103F-16F7-4668-BE54-9A1E7A4F7556}") = "MyMicroService.Infrastruct.JsonSerialize", "MyMicroService.Infrastruct.JsonSerialize\MyMicroService.Infrastruct.JsonSerialize.csproj", "{7A7EB4DF-C3B5-4EED-A8A8-5CF48E4CD962}"
EndProject
Project("{9A19103F-16F7-4668-BE54-9A1E7A4F7556}") = "MyMicroService.Service.WeChatAppletService", "MyMicroService.Service.WeChatAppletService\MyMicroService.Service.WeChatAppletService.csproj", "{F39F5D14-9940-4F90-AA36-D1476872E9AA}"
EndProject
Project("{2150E333-8FDC-42A3-9474-1A3956D46DE8}") = "Gateway", "Gateway", "{C7B97DA4-81AE-40B9-A228-0B2EB02C3483}"
EndProject
Project("{9A19103F-16F7-4668-BE54-9A1E7A4F7556}") = "MyMicroService.Gateway.ApiGateway", "MyMicroService.Gateway.ApiGateway\MyMicroService.Gateway.ApiGateway.csproj", "{30691B60-DF32-49FC-A6F4-6CF4D3F64B70}"
EndProject
Project("{2150E333-8FDC-42A3-9474-1A3956D46DE8}") = "Consul", "Consul", "{E186C125-16CF-4C4C-8D09-034D71268B85}"
EndProject
Project("{9A19103F-16F7-4668-BE54-9A1E7A4F7556}") = "MyMicroService.Infrastruct.Consul", "MyMicroService.Infrastruct.Consul\MyMicroService.Infrastruct.Consul.csproj", "{CBD65DD0-D7E1-4DCF-924C-2997FB86330E}"
EndProject
Project("{2150E333-8FDC-42A3-9474-1A3956D46DE8}") = "Tool", "Tool", "{098F1F99-398D-487B-9906-9BC48B8CE6F9}"
EndProject
Project("{9A19103F-16F7-4668-BE54-9A1E7A4F7556}") = "MyMicroService.Tool.CodeGenerationTool", "MyMicroService.Tool.CodeGenerationTool\MyMicroService.Tool.CodeGenerationTool.csproj", "{4C9AB50A-688C-423A-9C5E-C2FA1195C4AD}"
EndProject
Project("{FAE04EC0-301F-11D3-BF4B-00C04F79EFBC}") = "MyMicroService.Infrastruct.ILog", "MyMicroService.Infrastruct.ILog\MyMicroService.Infrastruct.ILog.csproj", "{522B0FD5-10CD-47AF-BCD5-742E29C90C94}"
EndProject
Project("{FAE04EC0-301F-11D3-BF4B-00C04F79EFBC}") = "MyMicroService.Infrastruct.Log", "MyMicroService.Infrastruct.Log\MyMicroService.Infrastruct.Log.csproj", "{87F2BB9E-1756-43C2-8A85-9F48CB4EE7BE}"
EndProject
Global
	GlobalSection(SolutionConfigurationPlatforms) = preSolution
		Debug|Any CPU = Debug|Any CPU
		Release|Any CPU = Release|Any CPU
	EndGlobalSection
	GlobalSection(ProjectConfigurationPlatforms) = postSolution
		{DD3182EA-4856-40EF-825C-90CAAA48160B}.Debug|Any CPU.ActiveCfg = Debug|Any CPU
		{DD3182EA-4856-40EF-825C-90CAAA48160B}.Debug|Any CPU.Build.0 = Debug|Any CPU
		{DD3182EA-4856-40EF-825C-90CAAA48160B}.Release|Any CPU.ActiveCfg = Release|Any CPU
		{DD3182EA-4856-40EF-825C-90CAAA48160B}.Release|Any CPU.Build.0 = Release|Any CPU
		{EC74B87E-BEE7-43BE-83CD-92920C47D603}.Debug|Any CPU.ActiveCfg = Debug|Any CPU
		{EC74B87E-BEE7-43BE-83CD-92920C47D603}.Debug|Any CPU.Build.0 = Debug|Any CPU
		{EC74B87E-BEE7-43BE-83CD-92920C47D603}.Release|Any CPU.ActiveCfg = Release|Any CPU
		{EC74B87E-BEE7-43BE-83CD-92920C47D603}.Release|Any CPU.Build.0 = Release|Any CPU
		{CBC348F4-E295-4D17-BAB3-67693F10E4F0}.Debug|Any CPU.ActiveCfg = Debug|Any CPU
		{CBC348F4-E295-4D17-BAB3-67693F10E4F0}.Debug|Any CPU.Build.0 = Debug|Any CPU
		{CBC348F4-E295-4D17-BAB3-67693F10E4F0}.Release|Any CPU.ActiveCfg = Release|Any CPU
		{CBC348F4-E295-4D17-BAB3-67693F10E4F0}.Release|Any CPU.Build.0 = Release|Any CPU
		{8A72A89B-7D6F-4187-BE77-2BE3FB2DBBB6}.Debug|Any CPU.ActiveCfg = Debug|Any CPU
		{8A72A89B-7D6F-4187-BE77-2BE3FB2DBBB6}.Debug|Any CPU.Build.0 = Debug|Any CPU
		{8A72A89B-7D6F-4187-BE77-2BE3FB2DBBB6}.Release|Any CPU.ActiveCfg = Release|Any CPU
		{8A72A89B-7D6F-4187-BE77-2BE3FB2DBBB6}.Release|Any CPU.Build.0 = Release|Any CPU
		{F6D465CA-BC1E-47B1-AFFE-1E00E0BD0878}.Debug|Any CPU.ActiveCfg = Debug|Any CPU
		{F6D465CA-BC1E-47B1-AFFE-1E00E0BD0878}.Debug|Any CPU.Build.0 = Debug|Any CPU
		{F6D465CA-BC1E-47B1-AFFE-1E00E0BD0878}.Release|Any CPU.ActiveCfg = Release|Any CPU
		{F6D465CA-BC1E-47B1-AFFE-1E00E0BD0878}.Release|Any CPU.Build.0 = Release|Any CPU
		{6C2F3AB3-183B-4F6E-8CF0-53644E17601E}.Debug|Any CPU.ActiveCfg = Debug|Any CPU
		{6C2F3AB3-183B-4F6E-8CF0-53644E17601E}.Debug|Any CPU.Build.0 = Debug|Any CPU
		{6C2F3AB3-183B-4F6E-8CF0-53644E17601E}.Release|Any CPU.ActiveCfg = Release|Any CPU
		{6C2F3AB3-183B-4F6E-8CF0-53644E17601E}.Release|Any CPU.Build.0 = Release|Any CPU
		{35A9BF40-A713-46BF-9EEC-80AB836F29AF}.Debug|Any CPU.ActiveCfg = Debug|Any CPU
		{35A9BF40-A713-46BF-9EEC-80AB836F29AF}.Debug|Any CPU.Build.0 = Debug|Any CPU
		{35A9BF40-A713-46BF-9EEC-80AB836F29AF}.Release|Any CPU.ActiveCfg = Release|Any CPU
		{35A9BF40-A713-46BF-9EEC-80AB836F29AF}.Release|Any CPU.Build.0 = Release|Any CPU
		{7A7EB4DF-C3B5-4EED-A8A8-5CF48E4CD962}.Debug|Any CPU.ActiveCfg = Debug|Any CPU
		{7A7EB4DF-C3B5-4EED-A8A8-5CF48E4CD962}.Debug|Any CPU.Build.0 = Debug|Any CPU
		{7A7EB4DF-C3B5-4EED-A8A8-5CF48E4CD962}.Release|Any CPU.ActiveCfg = Release|Any CPU
		{7A7EB4DF-C3B5-4EED-A8A8-5CF48E4CD962}.Release|Any CPU.Build.0 = Release|Any CPU
		{F39F5D14-9940-4F90-AA36-D1476872E9AA}.Debug|Any CPU.ActiveCfg = Debug|Any CPU
		{F39F5D14-9940-4F90-AA36-D1476872E9AA}.Debug|Any CPU.Build.0 = Debug|Any CPU
		{F39F5D14-9940-4F90-AA36-D1476872E9AA}.Release|Any CPU.ActiveCfg = Release|Any CPU
		{F39F5D14-9940-4F90-AA36-D1476872E9AA}.Release|Any CPU.Build.0 = Release|Any CPU
		{30691B60-DF32-49FC-A6F4-6CF4D3F64B70}.Debug|Any CPU.ActiveCfg = Debug|Any CPU
		{30691B60-DF32-49FC-A6F4-6CF4D3F64B70}.Debug|Any CPU.Build.0 = Debug|Any CPU
		{30691B60-DF32-49FC-A6F4-6CF4D3F64B70}.Release|Any CPU.ActiveCfg = Release|Any CPU
		{30691B60-DF32-49FC-A6F4-6CF4D3F64B70}.Release|Any CPU.Build.0 = Release|Any CPU
		{CBD65DD0-D7E1-4DCF-924C-2997FB86330E}.Debug|Any CPU.ActiveCfg = Debug|Any CPU
		{CBD65DD0-D7E1-4DCF-924C-2997FB86330E}.Debug|Any CPU.Build.0 = Debug|Any CPU
		{CBD65DD0-D7E1-4DCF-924C-2997FB86330E}.Release|Any CPU.ActiveCfg = Release|Any CPU
		{CBD65DD0-D7E1-4DCF-924C-2997FB86330E}.Release|Any CPU.Build.0 = Release|Any CPU
		{4C9AB50A-688C-423A-9C5E-C2FA1195C4AD}.Debug|Any CPU.ActiveCfg = Debug|Any CPU
		{4C9AB50A-688C-423A-9C5E-C2FA1195C4AD}.Debug|Any CPU.Build.0 = Debug|Any CPU
		{4C9AB50A-688C-423A-9C5E-C2FA1195C4AD}.Release|Any CPU.ActiveCfg = Release|Any CPU
		{4C9AB50A-688C-423A-9C5E-C2FA1195C4AD}.Release|Any CPU.Build.0 = Release|Any CPU
		{522B0FD5-10CD-47AF-BCD5-742E29C90C94}.Debug|Any CPU.ActiveCfg = Debug|Any CPU
		{522B0FD5-10CD-47AF-BCD5-742E29C90C94}.Debug|Any CPU.Build.0 = Debug|Any CPU
		{522B0FD5-10CD-47AF-BCD5-742E29C90C94}.Release|Any CPU.ActiveCfg = Release|Any CPU
		{522B0FD5-10CD-47AF-BCD5-742E29C90C94}.Release|Any CPU.Build.0 = Release|Any CPU
		{87F2BB9E-1756-43C2-8A85-9F48CB4EE7BE}.Debug|Any CPU.ActiveCfg = Debug|Any CPU
		{87F2BB9E-1756-43C2-8A85-9F48CB4EE7BE}.Debug|Any CPU.Build.0 = Debug|Any CPU
		{87F2BB9E-1756-43C2-8A85-9F48CB4EE7BE}.Release|Any CPU.ActiveCfg = Release|Any CPU
		{87F2BB9E-1756-43C2-8A85-9F48CB4EE7BE}.Release|Any CPU.Build.0 = Release|Any CPU
	EndGlobalSection
	GlobalSection(SolutionProperties) = preSolution
		HideSolutionNode = FALSE
	EndGlobalSection
	GlobalSection(NestedProjects) = preSolution
		{DD3182EA-4856-40EF-825C-90CAAA48160B} = {E42278FC-F2D9-4CA8-B6DB-885E686DA052}
		{EC74B87E-BEE7-43BE-83CD-92920C47D603} = {E42278FC-F2D9-4CA8-B6DB-885E686DA052}
		{E42278FC-F2D9-4CA8-B6DB-885E686DA052} = {90D1206D-01C9-4039-8339-10C5D0873AB0}
		{CF341F4C-838C-4A68-A2EA-6E7321C3B236} = {90D1206D-01C9-4039-8339-10C5D0873AB0}
		{CBC348F4-E295-4D17-BAB3-67693F10E4F0} = {CF341F4C-838C-4A68-A2EA-6E7321C3B236}
		{8A72A89B-7D6F-4187-BE77-2BE3FB2DBBB6} = {90D1206D-01C9-4039-8339-10C5D0873AB0}
		{F6D465CA-BC1E-47B1-AFFE-1E00E0BD0878} = {F604EC74-A56E-4772-A795-0A92DACDCF87}
		{A4A05B89-0530-4AD4-85BF-FB07A8519F62} = {90D1206D-01C9-4039-8339-10C5D0873AB0}
		{109D9729-0506-4B2E-871D-6C1DD8765737} = {90D1206D-01C9-4039-8339-10C5D0873AB0}
		{6C2F3AB3-183B-4F6E-8CF0-53644E17601E} = {109D9729-0506-4B2E-871D-6C1DD8765737}
		{D4C6965B-A50A-4F96-B956-E13CC25343A4} = {90D1206D-01C9-4039-8339-10C5D0873AB0}
		{B844800F-FCBF-466A-B0BA-178D5B9D7400} = {90D1206D-01C9-4039-8339-10C5D0873AB0}
		{35A9BF40-A713-46BF-9EEC-80AB836F29AF} = {B844800F-FCBF-466A-B0BA-178D5B9D7400}
		{7A7EB4DF-C3B5-4EED-A8A8-5CF48E4CD962} = {D4C6965B-A50A-4F96-B956-E13CC25343A4}
		{F39F5D14-9940-4F90-AA36-D1476872E9AA} = {F604EC74-A56E-4772-A795-0A92DACDCF87}
		{30691B60-DF32-49FC-A6F4-6CF4D3F64B70} = {C7B97DA4-81AE-40B9-A228-0B2EB02C3483}
		{E186C125-16CF-4C4C-8D09-034D71268B85} = {90D1206D-01C9-4039-8339-10C5D0873AB0}
		{CBD65DD0-D7E1-4DCF-924C-2997FB86330E} = {E186C125-16CF-4C4C-8D09-034D71268B85}
		{4C9AB50A-688C-423A-9C5E-C2FA1195C4AD} = {098F1F99-398D-487B-9906-9BC48B8CE6F9}
		{522B0FD5-10CD-47AF-BCD5-742E29C90C94} = {A4A05B89-0530-4AD4-85BF-FB07A8519F62}
		{87F2BB9E-1756-43C2-8A85-9F48CB4EE7BE} = {A4A05B89-0530-4AD4-85BF-FB07A8519F62}
	EndGlobalSection
	GlobalSection(ExtensibilityGlobals) = postSolution
		SolutionGuid = {165C40EC-2AE1-4AF9-BF33-8E5576B339C7}
	EndGlobalSection
EndGlobal
